
Microsoft Visual Studio Solution File, Format Version 12.00
# Visual Studio 15
VisualStudioVersion = 15.0.28307.2092
MinimumVisualStudioVersion = 10.0.40219.1
Project("{FAE04EC0-301F-11D3-BF4B-00C04F79EFBC}") = "JogoDaVelha", "JogoDaVelha\JogoDaVelha.csproj", "{D10C9837-EC8A-405B-A763-972D6BF1AD9C}"
EndProject
Global
	GlobalSection(SolutionConfigurationPlatforms) = preSolution
		Debug|Any CPU = Debug|Any CPU
		Release|Any CPU = Release|Any CPU
	EndGlobalSection
	GlobalSection(ProjectConfigurationPlatforms) = postSolution
		{D10C9837-EC8A-405B-A763-972D6BF1AD9C}.Debug|Any CPU.ActiveCfg = Debug|Any CPU
		{D10C9837-EC8A-405B-A763-972D6BF1AD9C}.Debug|Any CPU.Build.0 = Debug|Any CPU
		{D10C9837-EC8A-405B-A763-972D6BF1AD9C}.Release|Any CPU.ActiveCfg = Release|Any CPU
		{D10C9837-EC8A-405B-A763-972D6BF1AD9C}.Release|Any CPU.Build.0 = Release|Any CPU
	EndGlobalSection
	GlobalSection(SolutionProperties) = preSolution
		HideSolutionNode = FALSE
	EndGlobalSection
	GlobalSection(ExtensibilityGlobals) = postSolution
		SolutionGuid = {023ED5AC-20B5-4D17-8C03-74E5FD49060D}
	EndGlobalSection
EndGlobal
